// !$*UTF8*$!
{
	archiveVersion = 1;
	classes = {
	};
	objectVersion = 46;
	objects = {

/* Begin PBXBuildFile section */
		34950EF41D49F09300B84216 /* RVAccount.swift in Sources */ = {isa = PBXBuildFile; fileRef = 34950EDA1D49F09300B84216 /* RVAccount.swift */; };
		34950EF51D49F09300B84216 /* RVCurrency.swift in Sources */ = {isa = PBXBuildFile; fileRef = 34950EDC1D49F09300B84216 /* RVCurrency.swift */; };
		34950EF61D49F09300B84216 /* RVCurrencyList.swift in Sources */ = {isa = PBXBuildFile; fileRef = 34950EDD1D49F09300B84216 /* RVCurrencyList.swift */; };
		34950EF71D49F09300B84216 /* String+Currency.swift in Sources */ = {isa = PBXBuildFile; fileRef = 34950EDF1D49F09300B84216 /* String+Currency.swift */; };
		34950EF81D49F09300B84216 /* Assets.xcassets in Resources */ = {isa = PBXBuildFile; fileRef = 34950EE11D49F09300B84216 /* Assets.xcassets */; };
		34950EF91D49F09300B84216 /* CurrencyList.plist in Resources */ = {isa = PBXBuildFile; fileRef = 34950EE31D49F09300B84216 /* CurrencyList.plist */; };
		34950EFA1D49F09300B84216 /* DefaultAccount.plist in Resources */ = {isa = PBXBuildFile; fileRef = 34950EE41D49F09300B84216 /* DefaultAccount.plist */; };
		34950EFD1D49F09300B84216 /* RVRates.swift in Sources */ = {isa = PBXBuildFile; fileRef = 34950EEA1D49F09300B84216 /* RVRates.swift */; };
		34950EFE1D49F09300B84216 /* RVRatesFetcher.swift in Sources */ = {isa = PBXBuildFile; fileRef = 34950EEB1D49F09300B84216 /* RVRatesFetcher.swift */; };
		34950EFF1D49F09300B84216 /* RVStock.swift in Sources */ = {isa = PBXBuildFile; fileRef = 34950EEC1D49F09300B84216 /* RVStock.swift */; };
		34950F001D49F09300B84216 /* RVTransaction.swift in Sources */ = {isa = PBXBuildFile; fileRef = 34950EEE1D49F09300B84216 /* RVTransaction.swift */; };
		34950F011D49F09300B84216 /* RVTransactionItemViewController.swift in Sources */ = {isa = PBXBuildFile; fileRef = 34950EF01D49F09300B84216 /* RVTransactionItemViewController.swift */; };
		34950F021D49F09300B84216 /* RVTransactionPageController.swift in Sources */ = {isa = PBXBuildFile; fileRef = 34950EF11D49F09300B84216 /* RVTransactionPageController.swift */; };
		34950F031D49F09300B84216 /* RVTransactionPageControllerDataSource.swift in Sources */ = {isa = PBXBuildFile; fileRef = 34950EF21D49F09300B84216 /* RVTransactionPageControllerDataSource.swift */; };
		34950F041D49F09300B84216 /* RVTransactionViewController.swift in Sources */ = {isa = PBXBuildFile; fileRef = 34950EF31D49F09300B84216 /* RVTransactionViewController.swift */; };
		34950F051D49F6F800B84216 /* Main.storyboard in Resources */ = {isa = PBXBuildFile; fileRef = 34950EE71D49F09300B84216 /* Main.storyboard */; };
		34F730951D422C0E00DAA711 /* AppDelegate.swift in Sources */ = {isa = PBXBuildFile; fileRef = 34F730941D422C0E00DAA711 /* AppDelegate.swift */; };
/* End PBXBuildFile section */

/* Begin PBXFileReference section */
		34950EDA1D49F09300B84216 /* RVAccount.swift */ = {isa = PBXFileReference; fileEncoding = 4; lastKnownFileType = sourcecode.swift; path = RVAccount.swift; sourceTree = "<group>"; };
		34950EDC1D49F09300B84216 /* RVCurrency.swift */ = {isa = PBXFileReference; fileEncoding = 4; lastKnownFileType = sourcecode.swift; path = RVCurrency.swift; sourceTree = "<group>"; };
		34950EDD1D49F09300B84216 /* RVCurrencyList.swift */ = {isa = PBXFileReference; fileEncoding = 4; lastKnownFileType = sourcecode.swift; path = RVCurrencyList.swift; sourceTree = "<group>"; };
		34950EDF1D49F09300B84216 /* String+Currency.swift */ = {isa = PBXFileReference; fileEncoding = 4; lastKnownFileType = sourcecode.swift; path = "String+Currency.swift"; sourceTree = "<group>"; };
		34950EE11D49F09300B84216 /* Assets.xcassets */ = {isa = PBXFileReference; lastKnownFileType = folder.assetcatalog; path = Assets.xcassets; sourceTree = "<group>"; };
		34950EE31D49F09300B84216 /* CurrencyList.plist */ = {isa = PBXFileReference; fileEncoding = 4; lastKnownFileType = text.plist.xml; path = CurrencyList.plist; sourceTree = "<group>"; };
		34950EE41D49F09300B84216 /* DefaultAccount.plist */ = {isa = PBXFileReference; fileEncoding = 4; lastKnownFileType = text.plist.xml; path = DefaultAccount.plist; sourceTree = "<group>"; };
		34950EE51D49F09300B84216 /* Info.plist */ = {isa = PBXFileReference; fileEncoding = 4; lastKnownFileType = text.plist.xml; path = Info.plist; sourceTree = "<group>"; };
		34950EE81D49F09300B84216 /* Base */ = {isa = PBXFileReference; lastKnownFileType = file.storyboard; name = Base; path = Base.lproj/Main.storyboard; sourceTree = "<group>"; };
		34950EEA1D49F09300B84216 /* RVRates.swift */ = {isa = PBXFileReference; fileEncoding = 4; lastKnownFileType = sourcecode.swift; path = RVRates.swift; sourceTree = "<group>"; };
		34950EEB1D49F09300B84216 /* RVRatesFetcher.swift */ = {isa = PBXFileReference; fileEncoding = 4; lastKnownFileType = sourcecode.swift; path = RVRatesFetcher.swift; sourceTree = "<group>"; };
		34950EEC1D49F09300B84216 /* RVStock.swift */ = {isa = PBXFileReference; fileEncoding = 4; lastKnownFileType = sourcecode.swift; path = RVStock.swift; sourceTree = "<group>"; };
		34950EEE1D49F09300B84216 /* RVTransaction.swift */ = {isa = PBXFileReference; fileEncoding = 4; lastKnownFileType = sourcecode.swift; path = RVTransaction.swift; sourceTree = "<group>"; };
		34950EF01D49F09300B84216 /* RVTransactionItemViewController.swift */ = {isa = PBXFileReference; fileEncoding = 4; lastKnownFileType = sourcecode.swift; path = RVTransactionItemViewController.swift; sourceTree = "<group>"; };
		34950EF11D49F09300B84216 /* RVTransactionPageController.swift */ = {isa = PBXFileReference; fileEncoding = 4; lastKnownFileType = sourcecode.swift; path = RVTransactionPageController.swift; sourceTree = "<group>"; };
		34950EF21D49F09300B84216 /* RVTransactionPageControllerDataSource.swift */ = {isa = PBXFileReference; fileEncoding = 4; lastKnownFileType = sourcecode.swift; path = RVTransactionPageControllerDataSource.swift; sourceTree = "<group>"; };
		34950EF31D49F09300B84216 /* RVTransactionViewController.swift */ = {isa = PBXFileReference; fileEncoding = 4; lastKnownFileType = sourcecode.swift; path = RVTransactionViewController.swift; sourceTree = "<group>"; };
		34F730911D422C0E00DAA711 /* Revolut.app */ = {isa = PBXFileReference; explicitFileType = wrapper.application; includeInIndex = 0; path = Revolut.app; sourceTree = BUILT_PRODUCTS_DIR; };
		34F730941D422C0E00DAA711 /* AppDelegate.swift */ = {isa = PBXFileReference; lastKnownFileType = sourcecode.swift; path = AppDelegate.swift; sourceTree = "<group>"; };
/* End PBXFileReference section */

/* Begin PBXFrameworksBuildPhase section */
		34F7308E1D422C0E00DAA711 /* Frameworks */ = {
			isa = PBXFrameworksBuildPhase;
			buildActionMask = 2147483647;
			files = (
			);
			runOnlyForDeploymentPostprocessing = 0;
		};
/* End PBXFrameworksBuildPhase section */

/* Begin PBXGroup section */
		34950ED91D49F09300B84216 /* Account */ = {
			isa = PBXGroup;
			children = (
				34950EDA1D49F09300B84216 /* RVAccount.swift */,
			);
			path = Account;
			sourceTree = "<group>";
		};
		34950EDB1D49F09300B84216 /* Currency */ = {
			isa = PBXGroup;
			children = (
				34950EDC1D49F09300B84216 /* RVCurrency.swift */,
				34950EDD1D49F09300B84216 /* RVCurrencyList.swift */,
			);
			path = Currency;
			sourceTree = "<group>";
		};
		34950EDE1D49F09300B84216 /* Extensions */ = {
			isa = PBXGroup;
			children = (
				34950EDF1D49F09300B84216 /* String+Currency.swift */,
			);
			path = Extensions;
			sourceTree = "<group>";
		};
		34950EE01D49F09300B84216 /* Resources */ = {
			isa = PBXGroup;
			children = (
				34950EE11D49F09300B84216 /* Assets.xcassets */,
				34950EE21D49F09300B84216 /* Configuration */,
				34950EE61D49F09300B84216 /* Interface */,
			);
			path = Resources;
			sourceTree = "<group>";
		};
		34950EE21D49F09300B84216 /* Configuration */ = {
			isa = PBXGroup;
			children = (
				34950EE31D49F09300B84216 /* CurrencyList.plist */,
				34950EE41D49F09300B84216 /* DefaultAccount.plist */,
				34950EE51D49F09300B84216 /* Info.plist */,
			);
			path = Configuration;
			sourceTree = "<group>";
		};
		34950EE61D49F09300B84216 /* Interface */ = {
			isa = PBXGroup;
			children = (
				34950EE71D49F09300B84216 /* Main.storyboard */,
			);
			path = Interface;
			sourceTree = "<group>";
		};
		34950EE91D49F09300B84216 /* Stock */ = {
			isa = PBXGroup;
			children = (
				34950EEA1D49F09300B84216 /* RVRates.swift */,
				34950EEB1D49F09300B84216 /* RVRatesFetcher.swift */,
				34950EEC1D49F09300B84216 /* RVStock.swift */,
			);
			path = Stock;
			sourceTree = "<group>";
		};
		34950EED1D49F09300B84216 /* Transaction */ = {
			isa = PBXGroup;
			children = (
				34950EEE1D49F09300B84216 /* RVTransaction.swift */,
			);
			path = Transaction;
			sourceTree = "<group>";
		};
		34950EEF1D49F09300B84216 /* User Interface */ = {
			isa = PBXGroup;
			children = (
				34950EF01D49F09300B84216 /* RVTransactionItemViewController.swift */,
				34950EF11D49F09300B84216 /* RVTransactionPageController.swift */,
				34950EF21D49F09300B84216 /* RVTransactionPageControllerDataSource.swift */,
				34950EF31D49F09300B84216 /* RVTransactionViewController.swift */,
			);
			path = "User Interface";
			sourceTree = "<group>";
		};
		34F730881D422C0E00DAA711 = {
			isa = PBXGroup;
			children = (
				34F730931D422C0E00DAA711 /* Revolut */,
				34F730921D422C0E00DAA711 /* Products */,
			);
			sourceTree = "<group>";
		};
		34F730921D422C0E00DAA711 /* Products */ = {
			isa = PBXGroup;
			children = (
				34F730911D422C0E00DAA711 /* Revolut.app */,
			);
			name = Products;
			sourceTree = "<group>";
		};
		34F730931D422C0E00DAA711 /* Revolut */ = {
			isa = PBXGroup;
			children = (
				34F730941D422C0E00DAA711 /* AppDelegate.swift */,
				34950ED91D49F09300B84216 /* Account */,
				34950EDB1D49F09300B84216 /* Currency */,
				34950EDE1D49F09300B84216 /* Extensions */,
				34950EE01D49F09300B84216 /* Resources */,
				34950EE91D49F09300B84216 /* Stock */,
				34950EED1D49F09300B84216 /* Transaction */,
				34950EEF1D49F09300B84216 /* User Interface */,
			);
			path = Revolut;
			sourceTree = "<group>";
		};
/* End PBXGroup section */

/* Begin PBXNativeTarget section */
		34F730901D422C0E00DAA711 /* Revolut */ = {
			isa = PBXNativeTarget;
			buildConfigurationList = 34F730A31D422C0E00DAA711 /* Build configuration list for PBXNativeTarget "Revolut" */;
			buildPhases = (
				34F7308D1D422C0E00DAA711 /* Sources */,
				34F7308E1D422C0E00DAA711 /* Frameworks */,
				34F7308F1D422C0E00DAA711 /* Resources */,
			);
			buildRules = (
			);
			dependencies = (
			);
			name = Revolut;
			productName = Revolut;
			productReference = 34F730911D422C0E00DAA711 /* Revolut.app */;
			productType = "com.apple.product-type.application";
		};
/* End PBXNativeTarget section */

/* Begin PBXProject section */
		34F730891D422C0E00DAA711 /* Project object */ = {
			isa = PBXProject;
			attributes = {
				LastSwiftUpdateCheck = 0730;
				LastUpgradeCheck = 0730;
				TargetAttributes = {
					34F730901D422C0E00DAA711 = {
						CreatedOnToolsVersion = 7.3.1;
					};
				};
			};
			buildConfigurationList = 34F7308C1D422C0E00DAA711 /* Build configuration list for PBXProject "Revolut" */;
			compatibilityVersion = "Xcode 3.2";
			developmentRegion = English;
			hasScannedForEncodings = 0;
			knownRegions = (
				en,
				Base,
			);
			mainGroup = 34F730881D422C0E00DAA711;
			productRefGroup = 34F730921D422C0E00DAA711 /* Products */;
			projectDirPath = "";
			projectRoot = "";
			targets = (
				34F730901D422C0E00DAA711 /* Revolut */,
			);
		};
/* End PBXProject section */

/* Begin PBXResourcesBuildPhase section */
		34F7308F1D422C0E00DAA711 /* Resources */ = {
			isa = PBXResourcesBuildPhase;
			buildActionMask = 2147483647;
			files = (
				34950F051D49F6F800B84216 /* Main.storyboard in Resources */,
				34950EF81D49F09300B84216 /* Assets.xcassets in Resources */,
				34950EF91D49F09300B84216 /* CurrencyList.plist in Resources */,
				34950EFA1D49F09300B84216 /* DefaultAccount.plist in Resources */,
			);
			runOnlyForDeploymentPostprocessing = 0;
		};
/* End PBXResourcesBuildPhase section */

/* Begin PBXSourcesBuildPhase section */
		34F7308D1D422C0E00DAA711 /* Sources */ = {
			isa = PBXSourcesBuildPhase;
			buildActionMask = 2147483647;
			files = (
				34950F011D49F09300B84216 /* RVTransactionItemViewController.swift in Sources */,
				34F730951D422C0E00DAA711 /* AppDelegate.swift in Sources */,
				34950EF51D49F09300B84216 /* RVCurrency.swift in Sources */,
				34950EF61D49F09300B84216 /* RVCurrencyList.swift in Sources */,
				34950F041D49F09300B84216 /* RVTransactionViewController.swift in Sources */,
				34950F031D49F09300B84216 /* RVTransactionPageControllerDataSource.swift in Sources */,
				34950EFD1D49F09300B84216 /* RVRates.swift in Sources */,
				34950F021D49F09300B84216 /* RVTransactionPageController.swift in Sources */,
				34950EFF1D49F09300B84216 /* RVStock.swift in Sources */,
				34950F001D49F09300B84216 /* RVTransaction.swift in Sources */,
				34950EF71D49F09300B84216 /* String+Currency.swift in Sources */,
				34950EFE1D49F09300B84216 /* RVRatesFetcher.swift in Sources */,
				34950EF41D49F09300B84216 /* RVAccount.swift in Sources */,
			);
			runOnlyForDeploymentPostprocessing = 0;
		};
/* End PBXSourcesBuildPhase section */

/* Begin PBXVariantGroup section */
		34950EE71D49F09300B84216 /* Main.storyboard */ = {
			isa = PBXVariantGroup;
			children = (
				34950EE81D49F09300B84216 /* Base */,
			);
			name = Main.storyboard;
			sourceTree = "<group>";
		};
/* End PBXVariantGroup section */

/* Begin XCBuildConfiguration section */
		34F730A11D422C0E00DAA711 /* Debug */ = {
			isa = XCBuildConfiguration;
			buildSettings = {
				ALWAYS_SEARCH_USER_PATHS = NO;
				CLANG_ANALYZER_NONNULL = YES;
				CLANG_CXX_LANGUAGE_STANDARD = "gnu++0x";
				CLANG_CXX_LIBRARY = "libc++";
				CLANG_ENABLE_MODULES = YES;
				CLANG_ENABLE_OBJC_ARC = YES;
				CLANG_WARN_BOOL_CONVERSION = YES;
				CLANG_WARN_CONSTANT_CONVERSION = YES;
				CLANG_WARN_DIRECT_OBJC_ISA_USAGE = YES_ERROR;
				CLANG_WARN_EMPTY_BODY = YES;
				CLANG_WARN_ENUM_CONVERSION = YES;
				CLANG_WARN_INT_CONVERSION = YES;
				CLANG_WARN_OBJC_ROOT_CLASS = YES_ERROR;
				CLANG_WARN_UNREACHABLE_CODE = YES;
				CLANG_WARN__DUPLICATE_METHOD_MATCH = YES;
				"CODE_SIGN_IDENTITY[sdk=iphoneos*]" = "iPhone Developer";
				COPY_PHASE_STRIP = NO;
				DEBUG_INFORMATION_FORMAT = dwarf;
				ENABLE_STRICT_OBJC_MSGSEND = YES;
				ENABLE_TESTABILITY = YES;
				GCC_C_LANGUAGE_STANDARD = gnu99;
				GCC_DYNAMIC_NO_PIC = NO;
				GCC_NO_COMMON_BLOCKS = YES;
				GCC_OPTIMIZATION_LEVEL = 0;
				GCC_PREPROCESSOR_DEFINITIONS = (
					"DEBUG=1",
					"$(inherited)",
				);
				GCC_WARN_64_TO_32_BIT_CONVERSION = YES;
				GCC_WARN_ABOUT_RETURN_TYPE = YES_ERROR;
				GCC_WARN_UNDECLARED_SELECTOR = YES;
				GCC_WARN_UNINITIALIZED_AUTOS = YES_AGGRESSIVE;
				GCC_WARN_UNUSED_FUNCTION = YES;
				GCC_WARN_UNUSED_VARIABLE = YES;
				IPHONEOS_DEPLOYMENT_TARGET = 9.3;
				MTL_ENABLE_DEBUG_INFO = YES;
				ONLY_ACTIVE_ARCH = YES;
				SDKROOT = iphoneos;
				SWIFT_OPTIMIZATION_LEVEL = "-Onone";
				TARGETED_DEVICE_FAMILY = "1,2";
			};
			name = Debug;
		};
		34F730A21D422C0E00DAA711 /* Release */ = {
			isa = XCBuildConfiguration;
			buildSettings = {
				ALWAYS_SEARCH_USER_PATHS = NO;
				CLANG_ANALYZER_NONNULL = YES;
				CLANG_CXX_LANGUAGE_STANDARD = "gnu++0x";
				CLANG_CXX_LIBRARY = "libc++";
				CLANG_ENABLE_MODULES = YES;
				CLANG_ENABLE_OBJC_ARC = YES;
				CLANG_WARN_BOOL_CONVERSION = YES;
				CLANG_WARN_CONSTANT_CONVERSION = YES;
				CLANG_WARN_DIRECT_OBJC_ISA_USAGE = YES_ERROR;
				CLANG_WARN_EMPTY_BODY = YES;
				CLANG_WARN_ENUM_CONVERSION = YES;
				CLANG_WARN_INT_CONVERSION = YES;
				CLANG_WARN_OBJC_ROOT_CLASS = YES_ERROR;
				CLANG_WARN_UNREACHABLE_CODE = YES;
				CLANG_WARN__DUPLICATE_METHOD_MATCH = YES;
				"CODE_SIGN_IDENTITY[sdk=iphoneos*]" = "iPhone Developer";
				COPY_PHASE_STRIP = NO;
				DEBUG_INFORMATION_FORMAT = "dwarf-with-dsym";
				ENABLE_NS_ASSERTIONS = NO;
				ENABLE_STRICT_OBJC_MSGSEND = YES;
				GCC_C_LANGUAGE_STANDARD = gnu99;
				GCC_NO_COMMON_BLOCKS = YES;
				GCC_WARN_64_TO_32_BIT_CONVERSION = YES;
				GCC_WARN_ABOUT_RETURN_TYPE = YES_ERROR;
				GCC_WARN_UNDECLARED_SELECTOR = YES;
				GCC_WARN_UNINITIALIZED_AUTOS = YES_AGGRESSIVE;
				GCC_WARN_UNUSED_FUNCTION = YES;
				GCC_WARN_UNUSED_VARIABLE = YES;
				IPHONEOS_DEPLOYMENT_TARGET = 9.3;
				MTL_ENABLE_DEBUG_INFO = NO;
				SDKROOT = iphoneos;
				TARGETED_DEVICE_FAMILY = "1,2";
				VALIDATE_PRODUCT = YES;
			};
			name = Release;
		};
		34F730A41D422C0E00DAA711 /* Debug */ = {
			isa = XCBuildConfiguration;
			buildSettings = {
				ASSETCATALOG_COMPILER_APPICON_NAME = AppIcon;
				ASSETCATALOG_COMPILER_LAUNCHIMAGE_NAME = LaunchImage;
				INFOPLIST_FILE = Revolut/Resources/Configuration/Info.plist;
				LD_RUNPATH_SEARCH_PATHS = "$(inherited) @executable_path/Frameworks";
				PRODUCT_BUNDLE_IDENTIFIER = grechuhin.ilya.Revolut;
				PRODUCT_NAME = "$(TARGET_NAME)";
				TARGETED_DEVICE_FAMILY = 1;
			};
			name = Debug;
		};
		34F730A51D422C0E00DAA711 /* Release */ = {
			isa = XCBuildConfiguration;
			buildSettings = {
				ASSETCATALOG_COMPILER_APPICON_NAME = AppIcon;
				ASSETCATALOG_COMPILER_LAUNCHIMAGE_NAME = LaunchImage;
				INFOPLIST_FILE = Revolut/Resources/Configuration/Info.plist;
				LD_RUNPATH_SEARCH_PATHS = "$(inherited) @executable_path/Frameworks";
				PRODUCT_BUNDLE_IDENTIFIER = grechuhin.ilya.Revolut;
				PRODUCT_NAME = "$(TARGET_NAME)";
				TARGETED_DEVICE_FAMILY = 1;
			};
			name = Release;
		};
/* End XCBuildConfiguration section */

/* Begin XCConfigurationList section */
		34F7308C1D422C0E00DAA711 /* Build configuration list for PBXProject "Revolut" */ = {
			isa = XCConfigurationList;
			buildConfigurations = (
				34F730A11D422C0E00DAA711 /* Debug */,
				34F730A21D422C0E00DAA711 /* Release */,
			);
			defaultConfigurationIsVisible = 0;
			defaultConfigurationName = Release;
		};
		34F730A31D422C0E00DAA711 /* Build configuration list for PBXNativeTarget "Revolut" */ = {
			isa = XCConfigurationList;
			buildConfigurations = (
				34F730A41D422C0E00DAA711 /* Debug */,
				34F730A51D422C0E00DAA711 /* Release */,
			);
			defaultConfigurationIsVisible = 0;
			defaultConfigurationName = Release;
		};
/* End XCConfigurationList section */
	};
	rootObject = 34F730891D422C0E00DAA711 /* Project object */;
}
